
Microsoft Visual Studio Solution File, Format Version 12.00
# Visual Studio Version 17
VisualStudioVersion = 17.8.34601.278
MinimumVisualStudioVersion = 10.0.40219.1
Project("{FAE04EC0-301F-11D3-BF4B-00C04F79EFBC}") = "CrudOperationIn.NetCore", "CrudOperationIn.NetCore.csproj", "{15C2A3E4-7682-4579-A6A7-6F15B58C9CDA}"
EndProject
Global
	GlobalSection(SolutionConfigurationPlatforms) = preSolution
		Debug|Any CPU = Debug|Any CPU
		Release|Any CPU = Release|Any CPU
	EndGlobalSection
	GlobalSection(ProjectConfigurationPlatforms) = postSolution
		{15C2A3E4-7682-4579-A6A7-6F15B58C9CDA}.Debug|Any CPU.ActiveCfg = Debug|Any CPU
		{15C2A3E4-7682-4579-A6A7-6F15B58C9CDA}.Debug|Any CPU.Build.0 = Debug|Any CPU
		{15C2A3E4-7682-4579-A6A7-6F15B58C9CDA}.Release|Any CPU.ActiveCfg = Release|Any CPU
		{15C2A3E4-7682-4579-A6A7-6F15B58C9CDA}.Release|Any CPU.Build.0 = Release|Any CPU
	EndGlobalSection
	GlobalSection(SolutionProperties) = preSolution
		HideSolutionNode = FALSE
	EndGlobalSection
	GlobalSection(ExtensibilityGlobals) = postSolution
		SolutionGuid = {B4668102-9E5D-45B7-B384-23E03475EFFE}
	EndGlobalSection
EndGlobal
